
Microsoft Visual Studio Solution File, Format Version 12.00
# Visual Studio Express 14 for Web
VisualStudioVersion = 14.0.23107.0
MinimumVisualStudioVersion = 10.0.40219.1
Project("{FAE04EC0-301F-11D3-BF4B-00C04F79EFBC}") = "Events.Web", "Events.Web\Events.Web.csproj", "{E2BDCF68-074A-4E26-8578-4F9532CDBCE3}"
EndProject
Project("{FAE04EC0-301F-11D3-BF4B-00C04F79EFBC}") = "Events.Data", "Events.Data\Events.Data.csproj", "{30E702B9-8441-48F2-95B5-8C25CCB3A269}"
EndProject
Global
	GlobalSection(SolutionConfigurationPlatforms) = preSolution
		Debug|Any CPU = Debug|Any CPU
		Release|Any CPU = Release|Any CPU
	EndGlobalSection
	GlobalSection(ProjectConfigurationPlatforms) = postSolution
		{E2BDCF68-074A-4E26-8578-4F9532CDBCE3}.Debug|Any CPU.ActiveCfg = Debug|Any CPU
		{E2BDCF68-074A-4E26-8578-4F9532CDBCE3}.Debug|Any CPU.Build.0 = Debug|Any CPU
		{E2BDCF68-074A-4E26-8578-4F9532CDBCE3}.Release|Any CPU.ActiveCfg = Release|Any CPU
		{E2BDCF68-074A-4E26-8578-4F9532CDBCE3}.Release|Any CPU.Build.0 = Release|Any CPU
		{30E702B9-8441-48F2-95B5-8C25CCB3A269}.Debug|Any CPU.ActiveCfg = Debug|Any CPU
		{30E702B9-8441-48F2-95B5-8C25CCB3A269}.Debug|Any CPU.Build.0 = Debug|Any CPU
		{30E702B9-8441-48F2-95B5-8C25CCB3A269}.Release|Any CPU.ActiveCfg = Release|Any CPU
		{30E702B9-8441-48F2-95B5-8C25CCB3A269}.Release|Any CPU.Build.0 = Release|Any CPU
	EndGlobalSection
	GlobalSection(SolutionProperties) = preSolution
		HideSolutionNode = FALSE
	EndGlobalSection
EndGlobal
